
Microsoft Visual Studio Solution File, Format Version 12.00
# Visual Studio Version 16
VisualStudioVersion = 16.0.30204.135
MinimumVisualStudioVersion = 10.0.40219.1
Project("{2150E333-8FDC-42A3-9474-1A3956D46DE8}") = ".paket", ".paket", "{F38FB6B6-A7A2-4D3F-BBEB-4B23FF15A96E}"
	ProjectSection(SolutionItems) = preProject
		paket.dependencies = paket.dependencies
	EndProjectSection
EndProject
Project("{6EC3EE1D-3C4E-46DD-8F32-0CC8E7565705}") = "TNT.Library", "TNT.Library\TNT.Library.fsproj", "{55EC4D1E-84F1-453E-9DFB-560E862C0934}"
EndProject
Project("{6EC3EE1D-3C4E-46DD-8F32-0CC8E7565705}") = "TNT.T.FSharp", "TNT.T.FSharp\TNT.T.FSharp.fsproj", "{E4670F0E-2C90-4FCC-91FD-9A930BFFB681}"
EndProject
Project("{9A19103F-16F7-4668-BE54-9A1E7A4F7556}") = "TNT.T", "TNT.T\TNT.T.csproj", "{B39225D4-2DDC-42B8-B71F-0E7ADF743AE4}"
EndProject
Project("{6EC3EE1D-3C4E-46DD-8F32-0CC8E7565705}") = "tnt", "tnt\tnt.fsproj", "{0094AF22-5071-4246-9FEF-04A2E6DB95C2}"
EndProject
Project("{6EC3EE1D-3C4E-46DD-8F32-0CC8E7565705}") = "TNT.Tests", "TNT.Tests\TNT.Tests.fsproj", "{A3D75179-2760-486E-B1CB-D012048DF8A1}"
EndProject
Project("{9A19103F-16F7-4668-BE54-9A1E7A4F7556}") = "TNT.Tests.CSharp", "TNT.Tests.CSharp\TNT.Tests.CSharp.csproj", "{471D2B8E-8328-49B4-B657-7926FA24E4EA}"
EndProject
Project("{2150E333-8FDC-42A3-9474-1A3956D46DE8}") = "Solution Items", "Solution Items", "{913E8D7E-0D4B-4E8B-B7CB-30355ED8010E}"
	ProjectSection(SolutionItems) = preProject
		Makefile = Makefile
		README.md = README.md
	EndProjectSection
EndProject
Global
	GlobalSection(SolutionConfigurationPlatforms) = preSolution
		Debug|Any CPU = Debug|Any CPU
		Release|Any CPU = Release|Any CPU
	EndGlobalSection
	GlobalSection(ProjectConfigurationPlatforms) = postSolution
		{55EC4D1E-84F1-453E-9DFB-560E862C0934}.Debug|Any CPU.ActiveCfg = Debug|Any CPU
		{55EC4D1E-84F1-453E-9DFB-560E862C0934}.Debug|Any CPU.Build.0 = Debug|Any CPU
		{55EC4D1E-84F1-453E-9DFB-560E862C0934}.Release|Any CPU.ActiveCfg = Release|Any CPU
		{55EC4D1E-84F1-453E-9DFB-560E862C0934}.Release|Any CPU.Build.0 = Release|Any CPU
		{E4670F0E-2C90-4FCC-91FD-9A930BFFB681}.Debug|Any CPU.ActiveCfg = Debug|Any CPU
		{E4670F0E-2C90-4FCC-91FD-9A930BFFB681}.Debug|Any CPU.Build.0 = Debug|Any CPU
		{E4670F0E-2C90-4FCC-91FD-9A930BFFB681}.Release|Any CPU.ActiveCfg = Release|Any CPU
		{E4670F0E-2C90-4FCC-91FD-9A930BFFB681}.Release|Any CPU.Build.0 = Release|Any CPU
		{B39225D4-2DDC-42B8-B71F-0E7ADF743AE4}.Debug|Any CPU.ActiveCfg = Debug|Any CPU
		{B39225D4-2DDC-42B8-B71F-0E7ADF743AE4}.Debug|Any CPU.Build.0 = Debug|Any CPU
		{B39225D4-2DDC-42B8-B71F-0E7ADF743AE4}.Release|Any CPU.ActiveCfg = Release|Any CPU
		{B39225D4-2DDC-42B8-B71F-0E7ADF743AE4}.Release|Any CPU.Build.0 = Release|Any CPU
		{0094AF22-5071-4246-9FEF-04A2E6DB95C2}.Debug|Any CPU.ActiveCfg = Debug|Any CPU
		{0094AF22-5071-4246-9FEF-04A2E6DB95C2}.Debug|Any CPU.Build.0 = Debug|Any CPU
		{0094AF22-5071-4246-9FEF-04A2E6DB95C2}.Release|Any CPU.ActiveCfg = Release|Any CPU
		{0094AF22-5071-4246-9FEF-04A2E6DB95C2}.Release|Any CPU.Build.0 = Release|Any CPU
		{A3D75179-2760-486E-B1CB-D012048DF8A1}.Debug|Any CPU.ActiveCfg = Debug|Any CPU
		{A3D75179-2760-486E-B1CB-D012048DF8A1}.Debug|Any CPU.Build.0 = Debug|Any CPU
		{A3D75179-2760-486E-B1CB-D012048DF8A1}.Release|Any CPU.ActiveCfg = Release|Any CPU
		{A3D75179-2760-486E-B1CB-D012048DF8A1}.Release|Any CPU.Build.0 = Release|Any CPU
		{471D2B8E-8328-49B4-B657-7926FA24E4EA}.Debug|Any CPU.ActiveCfg = Debug|Any CPU
		{471D2B8E-8328-49B4-B657-7926FA24E4EA}.Debug|Any CPU.Build.0 = Debug|Any CPU
		{471D2B8E-8328-49B4-B657-7926FA24E4EA}.Release|Any CPU.ActiveCfg = Release|Any CPU
		{471D2B8E-8328-49B4-B657-7926FA24E4EA}.Release|Any CPU.Build.0 = Release|Any CPU
	EndGlobalSection
	GlobalSection(SolutionProperties) = preSolution
		HideSolutionNode = FALSE
	EndGlobalSection
	GlobalSection(ExtensibilityGlobals) = postSolution
		SolutionGuid = {ED5A7FAB-6CB2-4169-AF65-4A181DD85C29}
	EndGlobalSection
EndGlobal
